PODS:
  - AFNetworking (3.2.1):
    - AFNetworking/NSURLSession (= 3.2.1)
    - AFNetworking/Reachability (= 3.2.1)
    - AFNetworking/Security (= 3.2.1)
    - AFNetworking/Serialization (= 3.2.1)
    - AFNetworking/UIKit (= 3.2.1)
  - AFNetworking/NSURLSession (3.2.1):
    - AFNetworking/Reachability
    - AFNetworking/Security
    - AFNetworking/Serialization
  - AFNetworking/Reachability (3.2.1)
  - AFNetworking/Security (3.2.1)
  - AFNetworking/Serialization (3.2.1)
  - AFNetworking/UIKit (3.2.1):
    - AFNetworking/NSURLSession
  - WBRealm (0.0.3)

DEPENDENCIES:
  - AFNetworking (~> 3.2.1)
  - WBRealm

SPEC REPOS:
  https://github.com/CocoaPods/Specs.git:
    - AFNetworking
    - WBRealm

SPEC CHECKSUMS:
  AFNetworking: b6f891fdfaed196b46c7a83cf209e09697b94057
  WBRealm: db647e36b422f355e26e0e59536fd3c47fc5eb26

PODFILE CHECKSUM: f5df3f8479e9c8872bcf79fbbbfdee78c8df9980

COCOAPODS: 1.8.4
